
Microsoft Visual Studio Solution File, Format Version 12.00
# Visual Studio Version 17
VisualStudioVersion = 17.14.36414.22 d17.14
MinimumVisualStudioVersion = 10.0.40219.1
Project("{FAE04EC0-301F-11D3-BF4B-00C04F79EFBC}") = "Chương_trình_quản_lý_thí_sinh_dự_thi_đại_học", "Chương_trình_quản_lý_thí_sinh_dự_thi_đại_học\Chương_trình_quản_lý_thí_sinh_dự_thi_đại_học.csproj", "{1CA8C40A-CEA4-4E27-92E0-D78CAE72921D}"
EndProject
Global
	GlobalSection(SolutionConfigurationPlatforms) = preSolution
		Debug|Any CPU = Debug|Any CPU
		Release|Any CPU = Release|Any CPU
	EndGlobalSection
	GlobalSection(ProjectConfigurationPlatforms) = postSolution
		{1CA8C40A-CEA4-4E27-92E0-D78CAE72921D}.Debug|Any CPU.ActiveCfg = Debug|Any CPU
		{1CA8C40A-CEA4-4E27-92E0-D78CAE72921D}.Debug|Any CPU.Build.0 = Debug|Any CPU
		{1CA8C40A-CEA4-4E27-92E0-D78CAE72921D}.Release|Any CPU.ActiveCfg = Release|Any CPU
		{1CA8C40A-CEA4-4E27-92E0-D78CAE72921D}.Release|Any CPU.Build.0 = Release|Any CPU
	EndGlobalSection
	GlobalSection(SolutionProperties) = preSolution
		HideSolutionNode = FALSE
	EndGlobalSection
	GlobalSection(ExtensibilityGlobals) = postSolution
		SolutionGuid = {B2EE8999-7EC5-4E40-AE9E-803462DC02B8}
	EndGlobalSection
EndGlobal
